
Microsoft Visual Studio Solution File, Format Version 12.00
# Visual Studio Version 17
VisualStudioVersion = 17.6.33723.286
MinimumVisualStudioVersion = 10.0.40219.1
Project("{9A19103F-16F7-4668-BE54-9A1E7A4F7556}") = "JobPortal", "JobPortal\JobPortal.csproj", "{4C4B1ED4-09F2-4D72-9763-7AE28DA031A9}"
EndProject
Global
	GlobalSection(SolutionConfigurationPlatforms) = preSolution
		Debug|Any CPU = Debug|Any CPU
		Release|Any CPU = Release|Any CPU
	EndGlobalSection
	GlobalSection(ProjectConfigurationPlatforms) = postSolution
		{4C4B1ED4-09F2-4D72-9763-7AE28DA031A9}.Debug|Any CPU.ActiveCfg = Debug|Any CPU
		{4C4B1ED4-09F2-4D72-9763-7AE28DA031A9}.Debug|Any CPU.Build.0 = Debug|Any CPU
		{4C4B1ED4-09F2-4D72-9763-7AE28DA031A9}.Release|Any CPU.ActiveCfg = Release|Any CPU
		{4C4B1ED4-09F2-4D72-9763-7AE28DA031A9}.Release|Any CPU.Build.0 = Release|Any CPU
	EndGlobalSection
	GlobalSection(SolutionProperties) = preSolution
		HideSolutionNode = FALSE
	EndGlobalSection
	GlobalSection(ExtensibilityGlobals) = postSolution
		SolutionGuid = {FE8FB8EA-8F32-4621-88F9-3456AA46AC99}
	EndGlobalSection
EndGlobal
